{
    "_readme": [
        "This file locks the dependencies of your project to a known state",
        "Read more about it at http://getcomposer.org/doc/01-basic-usage.md#composer-lock-the-lock-file",
        "This file is @generated automatically"
    ],
    "hash": "ca7f02a6d41242f62f38194931655b48",
    "packages": [
        {
            "name": "florianwolters/component-core-cloneable",
            "version": "v0.2.0",
            "source": {
                "type": "git",
                "url": "https://github.com/FlorianWolters/PHP-Component-Core-Cloneable.git",
                "reference": "3067ab2a36b2b3e21d2ab3053229db05c257047f"
            },
            "dist": {
                "type": "zip",
                "url": "https://api.github.com/repos/FlorianWolters/PHP-Component-Core-Cloneable/zipball/3067ab2a36b2b3e21d2ab3053229db05c257047f",
                "reference": "3067ab2a36b2b3e21d2ab3053229db05c257047f",
                "shasum": ""
            },
            "require": {
                "php": ">=5.4"
            },
            "type": "library",
            "autoload": {
                "psr-0": {
                    "FlorianWolters": [
                        "src/php",
                        "src/tests/mocks/php",
                        "src/tests/unit-tests/php"
                    ]
                }
            },
            "notification-url": "https://packagist.org/downloads/",
            "license": [
                "LGPL-3.0+"
            ],
            "authors": [
                {
                    "name": "Florian Wolters",
                    "email": "wolters.fl@gmail.com",
                    "homepage": "http://blog.florianwolters.de",
                    "role": "Developer"
                }
            ],
            "description": "Allows and disallows the cloning of objects as a PHP component.",
            "homepage": "http://github.com/FlorianWolters/PHP-Component-Core-Cloneable",
            "keywords": [
                "clone",
                "cloning",
                "creation"
            ],
            "time": "2013-03-19 16:49:12"
        }
    ],
    "packages-dev": null,
    "aliases": [

    ],
    "minimum-stability": "stable",
    "stability-flags": {
        "satooshi/php-coveralls": 20,
        "squizlabs/php_codesniffer": 20
    },
    "platform": {
        "php": ">=5.4"
    },
    "platform-dev": [

    ]
}
